PODS:
  - ffmpeg-kit-ios-full-gpl (6.0)
  - shared (1.0):
    - ffmpeg-kit-ios-full-gpl (= 6.0)

DEPENDENCIES:
  - shared (from `../shared`)

SPEC REPOS:
  trunk:
    - ffmpeg-kit-ios-full-gpl

EXTERNAL SOURCES:
  shared:
    :path: "../shared"

SPEC CHECKSUMS:
  ffmpeg-kit-ios-full-gpl: 80adc341962e55ef709e36baa8ed9a70cf4ea62b
  shared: 463b651f1314ddcdfaff5b6e89bf68f84606b3fe

PODFILE CHECKSUM: 78d6cc1b71b232202c48a29d4e6c34972c534c73

COCOAPODS: 1.15.2
